{
  "requires": true,
  "lockfileVersion": 1,
  "dependencies": {
    "@klortho/line-reader": {
      "version": "0.0.1",
      "resolved": "https://registry.npmjs.org/@klortho/line-reader/-/line-reader-0.0.1.tgz",
      "integrity": "sha1-9Adb+y0OCBo9UIP2IihhrTAKkZg=",
      "requires": {
        "readline": "1.3.0"
      }
    },
    "readline": {
      "version": "1.3.0",
      "resolved": "https://registry.npmjs.org/readline/-/readline-1.3.0.tgz",
      "integrity": "sha1-xYDXfvLPyHUrEySYBg3JeTp6wBw="
    }
  }
}
